{
    "hash": "3d660127df4cb8a6f49f81a606f27ab6",
    "packages": [
        {
            "name": "facebook/php-sdk",
            "version": "dev-master",
            "source": {
                "type": "git",
                "url": "https://github.com/facebook/facebook-php-sdk.git",
                "reference": "bf99924386be074da30a8e9d6bbcb49d3333da12"
            },
            "dist": {
                "type": "zip",
                "url": "https://api.github.com/repos/facebook/facebook-php-sdk/zipball/bf99924386be074da30a8e9d6bbcb49d3333da12",
                "reference": "bf99924386be074da30a8e9d6bbcb49d3333da12",
                "shasum": ""
            },
            "require": {
                "php": ">=5.2.0",
                "ext-curl": "*",
                "ext-json": "*"
            },
            "time": "2013-01-15 21:37:15",
            "type": "library",
            "autoload": {
                "classmap": [
                    "src"
                ]
            },
            "notification-url": "https://packagist.org/downloads/",
            "license": [
                "Apache2"
            ],
            "authors": [
                {
                    "name": "Facebook",
                    "homepage": "https://github.com/facebook/facebook-php-sdk/contributors"
                }
            ],
            "description": "Facebook PHP SDK",
            "homepage": "https://github.com/facebook/facebook-php-sdk",
            "keywords": [
                "facebook",
                "sdk"
            ]
        }
    ],
    "packages-dev": null,
    "aliases": [

    ],
    "minimum-stability": "stable",
    "stability-flags": {
        "facebook/php-sdk": 20
    }
}
